
Microsoft Visual Studio Solution File, Format Version 12.00
# Visual Studio Version 16
VisualStudioVersion = 16.0.30804.86
MinimumVisualStudioVersion = 10.0.40219.1
Project("{FAE04EC0-301F-11D3-BF4B-00C04F79EFBC}") = "cw2", "cw2\cw2.csproj", "{42907401-C427-41B8-85EB-0A2E69D92525}"
EndProject
Global
	GlobalSection(SolutionConfigurationPlatforms) = preSolution
		Debug|Any CPU = Debug|Any CPU
		Release|Any CPU = Release|Any CPU
	EndGlobalSection
	GlobalSection(ProjectConfigurationPlatforms) = postSolution
		{42907401-C427-41B8-85EB-0A2E69D92525}.Debug|Any CPU.ActiveCfg = Debug|Any CPU
		{42907401-C427-41B8-85EB-0A2E69D92525}.Debug|Any CPU.Build.0 = Debug|Any CPU
		{42907401-C427-41B8-85EB-0A2E69D92525}.Release|Any CPU.ActiveCfg = Release|Any CPU
		{42907401-C427-41B8-85EB-0A2E69D92525}.Release|Any CPU.Build.0 = Release|Any CPU
	EndGlobalSection
	GlobalSection(SolutionProperties) = preSolution
		HideSolutionNode = FALSE
	EndGlobalSection
	GlobalSection(ExtensibilityGlobals) = postSolution
		SolutionGuid = {0EAE322B-1631-495F-B8DB-B0AAF232C7FD}
	EndGlobalSection
EndGlobal
